
Microsoft Visual Studio Solution File, Format Version 12.00
# Visual Studio Version 17
VisualStudioVersion = 17.2.32414.248
MinimumVisualStudioVersion = 10.0.40219.1
Project("{FAE04EC0-301F-11D3-BF4B-00C04F79EFBC}") = "XamarinLearnApp.Android", "XamarinLearnApp.Android\XamarinLearnApp.Android.csproj", "{6DEFE02E-584B-48F4-91DD-239DBE6F2B50}"
EndProject
Project("{FAE04EC0-301F-11D3-BF4B-00C04F79EFBC}") = "XamarinLearnApp.iOS", "XamarinLearnApp.iOS\XamarinLearnApp.iOS.csproj", "{E531D344-0013-4378-9050-988C4506C4B6}"
EndProject
Project("{FAE04EC0-301F-11D3-BF4B-00C04F79EFBC}") = "XamarinLearnApp", "XamarinLearnApp\XamarinLearnApp.csproj", "{8167B8C8-6188-46AC-9D46-0EA568631443}"
EndProject
Global
	GlobalSection(SolutionConfigurationPlatforms) = preSolution
		Debug|Any CPU = Debug|Any CPU
		Debug|iPhone = Debug|iPhone
		Debug|iPhoneSimulator = Debug|iPhoneSimulator
		Release|Any CPU = Release|Any CPU
		Release|iPhone = Release|iPhone
		Release|iPhoneSimulator = Release|iPhoneSimulator
	EndGlobalSection
	GlobalSection(ProjectConfigurationPlatforms) = postSolution
		{6DEFE02E-584B-48F4-91DD-239DBE6F2B50}.Debug|Any CPU.ActiveCfg = Debug|Any CPU
		{6DEFE02E-584B-48F4-91DD-239DBE6F2B50}.Debug|Any CPU.Build.0 = Debug|Any CPU
		{6DEFE02E-584B-48F4-91DD-239DBE6F2B50}.Debug|Any CPU.Deploy.0 = Debug|Any CPU
		{6DEFE02E-584B-48F4-91DD-239DBE6F2B50}.Debug|iPhone.ActiveCfg = Debug|Any CPU
		{6DEFE02E-584B-48F4-91DD-239DBE6F2B50}.Debug|iPhone.Build.0 = Debug|Any CPU
		{6DEFE02E-584B-48F4-91DD-239DBE6F2B50}.Debug|iPhone.Deploy.0 = Debug|Any CPU
		{6DEFE02E-584B-48F4-91DD-239DBE6F2B50}.Debug|iPhoneSimulator.ActiveCfg = Debug|Any CPU
		{6DEFE02E-584B-48F4-91DD-239DBE6F2B50}.Debug|iPhoneSimulator.Build.0 = Debug|Any CPU
		{6DEFE02E-584B-48F4-91DD-239DBE6F2B50}.Debug|iPhoneSimulator.Deploy.0 = Debug|Any CPU
		{6DEFE02E-584B-48F4-91DD-239DBE6F2B50}.Release|Any CPU.ActiveCfg = Release|Any CPU
		{6DEFE02E-584B-48F4-91DD-239DBE6F2B50}.Release|Any CPU.Build.0 = Release|Any CPU
		{6DEFE02E-584B-48F4-91DD-239DBE6F2B50}.Release|Any CPU.Deploy.0 = Release|Any CPU
		{6DEFE02E-584B-48F4-91DD-239DBE6F2B50}.Release|iPhone.ActiveCfg = Release|Any CPU
		{6DEFE02E-584B-48F4-91DD-239DBE6F2B50}.Release|iPhone.Build.0 = Release|Any CPU
		{6DEFE02E-584B-48F4-91DD-239DBE6F2B50}.Release|iPhone.Deploy.0 = Release|Any CPU
		{6DEFE02E-584B-48F4-91DD-239DBE6F2B50}.Release|iPhoneSimulator.ActiveCfg = Release|Any CPU
		{6DEFE02E-584B-48F4-91DD-239DBE6F2B50}.Release|iPhoneSimulator.Build.0 = Release|Any CPU
		{6DEFE02E-584B-48F4-91DD-239DBE6F2B50}.Release|iPhoneSimulator.Deploy.0 = Release|Any CPU
		{E531D344-0013-4378-9050-988C4506C4B6}.Debug|Any CPU.ActiveCfg = Debug|iPhone
		{E531D344-0013-4378-9050-988C4506C4B6}.Debug|Any CPU.Build.0 = Debug|iPhone
		{E531D344-0013-4378-9050-988C4506C4B6}.Debug|Any CPU.Deploy.0 = Debug|iPhone
		{E531D344-0013-4378-9050-988C4506C4B6}.Debug|iPhone.ActiveCfg = Debug|iPhone
		{E531D344-0013-4378-9050-988C4506C4B6}.Debug|iPhone.Build.0 = Debug|iPhone
		{E531D344-0013-4378-9050-988C4506C4B6}.Debug|iPhone.Deploy.0 = Debug|iPhone
		{E531D344-0013-4378-9050-988C4506C4B6}.Debug|iPhoneSimulator.ActiveCfg = Debug|iPhoneSimulator
		{E531D344-0013-4378-9050-988C4506C4B6}.Debug|iPhoneSimulator.Build.0 = Debug|iPhoneSimulator
		{E531D344-0013-4378-9050-988C4506C4B6}.Debug|iPhoneSimulator.Deploy.0 = Debug|iPhoneSimulator
		{E531D344-0013-4378-9050-988C4506C4B6}.Release|Any CPU.ActiveCfg = Release|iPhoneSimulator
		{E531D344-0013-4378-9050-988C4506C4B6}.Release|Any CPU.Build.0 = Release|iPhoneSimulator
		{E531D344-0013-4378-9050-988C4506C4B6}.Release|Any CPU.Deploy.0 = Release|iPhoneSimulator
		{E531D344-0013-4378-9050-988C4506C4B6}.Release|iPhone.ActiveCfg = Release|iPhone
		{E531D344-0013-4378-9050-988C4506C4B6}.Release|iPhone.Build.0 = Release|iPhone
		{E531D344-0013-4378-9050-988C4506C4B6}.Release|iPhone.Deploy.0 = Release|iPhone
		{E531D344-0013-4378-9050-988C4506C4B6}.Release|iPhoneSimulator.ActiveCfg = Release|iPhoneSimulator
		{E531D344-0013-4378-9050-988C4506C4B6}.Release|iPhoneSimulator.Build.0 = Release|iPhoneSimulator
		{E531D344-0013-4378-9050-988C4506C4B6}.Release|iPhoneSimulator.Deploy.0 = Release|iPhoneSimulator
		{8167B8C8-6188-46AC-9D46-0EA568631443}.Debug|Any CPU.ActiveCfg = Debug|Any CPU
		{8167B8C8-6188-46AC-9D46-0EA568631443}.Debug|Any CPU.Build.0 = Debug|Any CPU
		{8167B8C8-6188-46AC-9D46-0EA568631443}.Debug|Any CPU.Deploy.0 = Debug|Any CPU
		{8167B8C8-6188-46AC-9D46-0EA568631443}.Debug|iPhone.ActiveCfg = Debug|Any CPU
		{8167B8C8-6188-46AC-9D46-0EA568631443}.Debug|iPhone.Build.0 = Debug|Any CPU
		{8167B8C8-6188-46AC-9D46-0EA568631443}.Debug|iPhone.Deploy.0 = Debug|Any CPU
		{8167B8C8-6188-46AC-9D46-0EA568631443}.Debug|iPhoneSimulator.ActiveCfg = Debug|Any CPU
		{8167B8C8-6188-46AC-9D46-0EA568631443}.Debug|iPhoneSimulator.Build.0 = Debug|Any CPU
		{8167B8C8-6188-46AC-9D46-0EA568631443}.Debug|iPhoneSimulator.Deploy.0 = Debug|Any CPU
		{8167B8C8-6188-46AC-9D46-0EA568631443}.Release|Any CPU.ActiveCfg = Release|Any CPU
		{8167B8C8-6188-46AC-9D46-0EA568631443}.Release|Any CPU.Build.0 = Release|Any CPU
		{8167B8C8-6188-46AC-9D46-0EA568631443}.Release|Any CPU.Deploy.0 = Release|Any CPU
		{8167B8C8-6188-46AC-9D46-0EA568631443}.Release|iPhone.ActiveCfg = Release|Any CPU
		{8167B8C8-6188-46AC-9D46-0EA568631443}.Release|iPhone.Build.0 = Release|Any CPU
		{8167B8C8-6188-46AC-9D46-0EA568631443}.Release|iPhone.Deploy.0 = Release|Any CPU
		{8167B8C8-6188-46AC-9D46-0EA568631443}.Release|iPhoneSimulator.ActiveCfg = Release|Any CPU
		{8167B8C8-6188-46AC-9D46-0EA568631443}.Release|iPhoneSimulator.Build.0 = Release|Any CPU
		{8167B8C8-6188-46AC-9D46-0EA568631443}.Release|iPhoneSimulator.Deploy.0 = Release|Any CPU
	EndGlobalSection
	GlobalSection(SolutionProperties) = preSolution
		HideSolutionNode = FALSE
	EndGlobalSection
	GlobalSection(ExtensibilityGlobals) = postSolution
		SolutionGuid = {D23F266A-290A-4695-A638-7A99AE935614}
	EndGlobalSection
EndGlobal
